// !$*UTF8*$!
{
	archiveVersion = 1;
	classes = {
	};
	objectVersion = 46;
	objects = {

/* Begin PBXBuildFile section */
		96F4AD241D22D3B9004524EC /* AppDelegate.swift in Sources */ = {isa = PBXBuildFile; fileRef = 96F4AD231D22D3B9004524EC /* AppDelegate.swift */; };
		96F4AD261D22D3B9004524EC /* ViewController.swift in Sources */ = {isa = PBXBuildFile; fileRef = 96F4AD251D22D3B9004524EC /* ViewController.swift */; };
		96F4AD291D22D3B9004524EC /* Main.storyboard in Resources */ = {isa = PBXBuildFile; fileRef = 96F4AD271D22D3B9004524EC /* Main.storyboard */; };
		96F4AD2B1D22D3B9004524EC /* Assets.xcassets in Resources */ = {isa = PBXBuildFile; fileRef = 96F4AD2A1D22D3B9004524EC /* Assets.xcassets */; };
		96F4AD2E1D22D3B9004524EC /* LaunchScreen.storyboard in Resources */ = {isa = PBXBuildFile; fileRef = 96F4AD2C1D22D3B9004524EC /* LaunchScreen.storyboard */; };
		96F4AD391D22D3B9004524EC /* ImageRequestTests.swift in Sources */ = {isa = PBXBuildFile; fileRef = 96F4AD381D22D3B9004524EC /* ImageRequestTests.swift */; };
		96F4AD441D22D3B9004524EC /* ImageRequestUITests.swift in Sources */ = {isa = PBXBuildFile; fileRef = 96F4AD431D22D3B9004524EC /* ImageRequestUITests.swift */; };
		96F4AD521D22D678004524EC /* Constants.swift in Sources */ = {isa = PBXBuildFile; fileRef = 96F4AD511D22D678004524EC /* Constants.swift */; };
		96F4AD541D22D69A004524EC /* GCDBlackBox.swift in Sources */ = {isa = PBXBuildFile; fileRef = 96F4AD531D22D69A004524EC /* GCDBlackBox.swift */; };
/* End PBXBuildFile section */

/* Begin PBXContainerItemProxy section */
		96F4AD351D22D3B9004524EC /* PBXContainerItemProxy */ = {
			isa = PBXContainerItemProxy;
			containerPortal = 96F4AD181D22D3B9004524EC /* Project object */;
			proxyType = 1;
			remoteGlobalIDString = 96F4AD1F1D22D3B9004524EC;
			remoteInfo = ImageRequest;
		};
		96F4AD401D22D3B9004524EC /* PBXContainerItemProxy */ = {
			isa = PBXContainerItemProxy;
			containerPortal = 96F4AD181D22D3B9004524EC /* Project object */;
			proxyType = 1;
			remoteGlobalIDString = 96F4AD1F1D22D3B9004524EC;
			remoteInfo = ImageRequest;
		};
/* End PBXContainerItemProxy section */

/* Begin PBXFileReference section */
		96F4AD201D22D3B9004524EC /* ImageRequest.app */ = {isa = PBXFileReference; explicitFileType = wrapper.application; includeInIndex = 0; path = ImageRequest.app; sourceTree = BUILT_PRODUCTS_DIR; };
		96F4AD231D22D3B9004524EC /* AppDelegate.swift */ = {isa = PBXFileReference; lastKnownFileType = sourcecode.swift; path = AppDelegate.swift; sourceTree = "<group>"; };
		96F4AD251D22D3B9004524EC /* ViewController.swift */ = {isa = PBXFileReference; lastKnownFileType = sourcecode.swift; path = ViewController.swift; sourceTree = "<group>"; };
		96F4AD281D22D3B9004524EC /* Base */ = {isa = PBXFileReference; lastKnownFileType = file.storyboard; name = Base; path = Base.lproj/Main.storyboard; sourceTree = "<group>"; };
		96F4AD2A1D22D3B9004524EC /* Assets.xcassets */ = {isa = PBXFileReference; lastKnownFileType = folder.assetcatalog; path = Assets.xcassets; sourceTree = "<group>"; };
		96F4AD2D1D22D3B9004524EC /* Base */ = {isa = PBXFileReference; lastKnownFileType = file.storyboard; name = Base; path = Base.lproj/LaunchScreen.storyboard; sourceTree = "<group>"; };
		96F4AD2F1D22D3B9004524EC /* Info.plist */ = {isa = PBXFileReference; lastKnownFileType = text.plist.xml; path = Info.plist; sourceTree = "<group>"; };
		96F4AD341D22D3B9004524EC /* ImageRequestTests.xctest */ = {isa = PBXFileReference; explicitFileType = wrapper.cfbundle; includeInIndex = 0; path = ImageRequestTests.xctest; sourceTree = BUILT_PRODUCTS_DIR; };
		96F4AD381D22D3B9004524EC /* ImageRequestTests.swift */ = {isa = PBXFileReference; lastKnownFileType = sourcecode.swift; path = ImageRequestTests.swift; sourceTree = "<group>"; };
		96F4AD3A1D22D3B9004524EC /* Info.plist */ = {isa = PBXFileReference; lastKnownFileType = text.plist.xml; path = Info.plist; sourceTree = "<group>"; };
		96F4AD3F1D22D3B9004524EC /* ImageRequestUITests.xctest */ = {isa = PBXFileReference; explicitFileType = wrapper.cfbundle; includeInIndex = 0; path = ImageRequestUITests.xctest; sourceTree = BUILT_PRODUCTS_DIR; };
		96F4AD431D22D3B9004524EC /* ImageRequestUITests.swift */ = {isa = PBXFileReference; lastKnownFileType = sourcecode.swift; path = ImageRequestUITests.swift; sourceTree = "<group>"; };
		96F4AD451D22D3B9004524EC /* Info.plist */ = {isa = PBXFileReference; lastKnownFileType = text.plist.xml; path = Info.plist; sourceTree = "<group>"; };
		96F4AD511D22D678004524EC /* Constants.swift */ = {isa = PBXFileReference; fileEncoding = 4; lastKnownFileType = sourcecode.swift; path = Constants.swift; sourceTree = "<group>"; };
		96F4AD531D22D69A004524EC /* GCDBlackBox.swift */ = {isa = PBXFileReference; fileEncoding = 4; lastKnownFileType = sourcecode.swift; path = GCDBlackBox.swift; sourceTree = "<group>"; };
/* End PBXFileReference section */

/* Begin PBXFrameworksBuildPhase section */
		96F4AD1D1D22D3B9004524EC /* Frameworks */ = {
			isa = PBXFrameworksBuildPhase;
			buildActionMask = 2147483647;
			files = (
			);
			runOnlyForDeploymentPostprocessing = 0;
		};
		96F4AD311D22D3B9004524EC /* Frameworks */ = {
			isa = PBXFrameworksBuildPhase;
			buildActionMask = 2147483647;
			files = (
			);
			runOnlyForDeploymentPostprocessing = 0;
		};
		96F4AD3C1D22D3B9004524EC /* Frameworks */ = {
			isa = PBXFrameworksBuildPhase;
			buildActionMask = 2147483647;
			files = (
			);
			runOnlyForDeploymentPostprocessing = 0;
		};
/* End PBXFrameworksBuildPhase section */

/* Begin PBXGroup section */
		96F4AD171D22D3B9004524EC = {
			isa = PBXGroup;
			children = (
				96F4AD221D22D3B9004524EC /* ImageRequest */,
				96F4AD371D22D3B9004524EC /* ImageRequestTests */,
				96F4AD421D22D3B9004524EC /* ImageRequestUITests */,
				96F4AD211D22D3B9004524EC /* Products */,
			);
			sourceTree = "<group>";
		};
		96F4AD211D22D3B9004524EC /* Products */ = {
			isa = PBXGroup;
			children = (
				96F4AD201D22D3B9004524EC /* ImageRequest.app */,
				96F4AD341D22D3B9004524EC /* ImageRequestTests.xctest */,
				96F4AD3F1D22D3B9004524EC /* ImageRequestUITests.xctest */,
			);
			name = Products;
			sourceTree = "<group>";
		};
		96F4AD221D22D3B9004524EC /* ImageRequest */ = {
			isa = PBXGroup;
			children = (
				96F4AD231D22D3B9004524EC /* AppDelegate.swift */,
				96F4AD251D22D3B9004524EC /* ViewController.swift */,
				96F4AD271D22D3B9004524EC /* Main.storyboard */,
				96F4AD2A1D22D3B9004524EC /* Assets.xcassets */,
				96F4AD2C1D22D3B9004524EC /* LaunchScreen.storyboard */,
				96F4AD2F1D22D3B9004524EC /* Info.plist */,
				96F4AD511D22D678004524EC /* Constants.swift */,
				96F4AD531D22D69A004524EC /* GCDBlackBox.swift */,
			);
			path = ImageRequest;
			sourceTree = "<group>";
		};
		96F4AD371D22D3B9004524EC /* ImageRequestTests */ = {
			isa = PBXGroup;
			children = (
				96F4AD381D22D3B9004524EC /* ImageRequestTests.swift */,
				96F4AD3A1D22D3B9004524EC /* Info.plist */,
			);
			path = ImageRequestTests;
			sourceTree = "<group>";
		};
		96F4AD421D22D3B9004524EC /* ImageRequestUITests */ = {
			isa = PBXGroup;
			children = (
				96F4AD431D22D3B9004524EC /* ImageRequestUITests.swift */,
				96F4AD451D22D3B9004524EC /* Info.plist */,
			);
			path = ImageRequestUITests;
			sourceTree = "<group>";
		};
/* End PBXGroup section */

/* Begin PBXNativeTarget section */
		96F4AD1F1D22D3B9004524EC /* ImageRequest */ = {
			isa = PBXNativeTarget;
			buildConfigurationList = 96F4AD481D22D3B9004524EC /* Build configuration list for PBXNativeTarget "ImageRequest" */;
			buildPhases = (
				96F4AD1C1D22D3B9004524EC /* Sources */,
				96F4AD1D1D22D3B9004524EC /* Frameworks */,
				96F4AD1E1D22D3B9004524EC /* Resources */,
			);
			buildRules = (
			);
			dependencies = (
			);
			name = ImageRequest;
			productName = ImageRequest;
			productReference = 96F4AD201D22D3B9004524EC /* ImageRequest.app */;
			productType = "com.apple.product-type.application";
		};
		96F4AD331D22D3B9004524EC /* ImageRequestTests */ = {
			isa = PBXNativeTarget;
			buildConfigurationList = 96F4AD4B1D22D3B9004524EC /* Build configuration list for PBXNativeTarget "ImageRequestTests" */;
			buildPhases = (
				96F4AD301D22D3B9004524EC /* Sources */,
				96F4AD311D22D3B9004524EC /* Frameworks */,
				96F4AD321D22D3B9004524EC /* Resources */,
			);
			buildRules = (
			);
			dependencies = (
				96F4AD361D22D3B9004524EC /* PBXTargetDependency */,
			);
			name = ImageRequestTests;
			productName = ImageRequestTests;
			productReference = 96F4AD341D22D3B9004524EC /* ImageRequestTests.xctest */;
			productType = "com.apple.product-type.bundle.unit-test";
		};
		96F4AD3E1D22D3B9004524EC /* ImageRequestUITests */ = {
			isa = PBXNativeTarget;
			buildConfigurationList = 96F4AD4E1D22D3B9004524EC /* Build configuration list for PBXNativeTarget "ImageRequestUITests" */;
			buildPhases = (
				96F4AD3B1D22D3B9004524EC /* Sources */,
				96F4AD3C1D22D3B9004524EC /* Frameworks */,
				96F4AD3D1D22D3B9004524EC /* Resources */,
			);
			buildRules = (
			);
			dependencies = (
				96F4AD411D22D3B9004524EC /* PBXTargetDependency */,
			);
			name = ImageRequestUITests;
			productName = ImageRequestUITests;
			productReference = 96F4AD3F1D22D3B9004524EC /* ImageRequestUITests.xctest */;
			productType = "com.apple.product-type.bundle.ui-testing";
		};
/* End PBXNativeTarget section */

/* Begin PBXProject section */
		96F4AD181D22D3B9004524EC /* Project object */ = {
			isa = PBXProject;
			attributes = {
				LastSwiftUpdateCheck = 0730;
				LastUpgradeCheck = 0730;
				ORGANIZATIONNAME = "Joshua Kelley";
				TargetAttributes = {
					96F4AD1F1D22D3B9004524EC = {
						CreatedOnToolsVersion = 7.3.1;
					};
					96F4AD331D22D3B9004524EC = {
						CreatedOnToolsVersion = 7.3.1;
						TestTargetID = 96F4AD1F1D22D3B9004524EC;
					};
					96F4AD3E1D22D3B9004524EC = {
						CreatedOnToolsVersion = 7.3.1;
						TestTargetID = 96F4AD1F1D22D3B9004524EC;
					};
				};
			};
			buildConfigurationList = 96F4AD1B1D22D3B9004524EC /* Build configuration list for PBXProject "ImageRequest" */;
			compatibilityVersion = "Xcode 3.2";
			developmentRegion = English;
			hasScannedForEncodings = 0;
			knownRegions = (
				en,
				Base,
			);
			mainGroup = 96F4AD171D22D3B9004524EC;
			productRefGroup = 96F4AD211D22D3B9004524EC /* Products */;
			projectDirPath = "";
			projectRoot = "";
			targets = (
				96F4AD1F1D22D3B9004524EC /* ImageRequest */,
				96F4AD331D22D3B9004524EC /* ImageRequestTests */,
				96F4AD3E1D22D3B9004524EC /* ImageRequestUITests */,
			);
		};
/* End PBXProject section */

/* Begin PBXResourcesBuildPhase section */
		96F4AD1E1D22D3B9004524EC /* Resources */ = {
			isa = PBXResourcesBuildPhase;
			buildActionMask = 2147483647;
			files = (
				96F4AD2E1D22D3B9004524EC /* LaunchScreen.storyboard in Resources */,
				96F4AD2B1D22D3B9004524EC /* Assets.xcassets in Resources */,
				96F4AD291D22D3B9004524EC /* Main.storyboard in Resources */,
			);
			runOnlyForDeploymentPostprocessing = 0;
		};
		96F4AD321D22D3B9004524EC /* Resources */ = {
			isa = PBXResourcesBuildPhase;
			buildActionMask = 2147483647;
			files = (
			);
			runOnlyForDeploymentPostprocessing = 0;
		};
		96F4AD3D1D22D3B9004524EC /* Resources */ = {
			isa = PBXResourcesBuildPhase;
			buildActionMask = 2147483647;
			files = (
			);
			runOnlyForDeploymentPostprocessing = 0;
		};
/* End PBXResourcesBuildPhase section */

/* Begin PBXSourcesBuildPhase section */
		96F4AD1C1D22D3B9004524EC /* Sources */ = {
			isa = PBXSourcesBuildPhase;
			buildActionMask = 2147483647;
			files = (
				96F4AD541D22D69A004524EC /* GCDBlackBox.swift in Sources */,
				96F4AD261D22D3B9004524EC /* ViewController.swift in Sources */,
				96F4AD241D22D3B9004524EC /* AppDelegate.swift in Sources */,
				96F4AD521D22D678004524EC /* Constants.swift in Sources */,
			);
			runOnlyForDeploymentPostprocessing = 0;
		};
		96F4AD301D22D3B9004524EC /* Sources */ = {
			isa = PBXSourcesBuildPhase;
			buildActionMask = 2147483647;
			files = (
				96F4AD391D22D3B9004524EC /* ImageRequestTests.swift in Sources */,
			);
			runOnlyForDeploymentPostprocessing = 0;
		};
		96F4AD3B1D22D3B9004524EC /* Sources */ = {
			isa = PBXSourcesBuildPhase;
			buildActionMask = 2147483647;
			files = (
				96F4AD441D22D3B9004524EC /* ImageRequestUITests.swift in Sources */,
			);
			runOnlyForDeploymentPostprocessing = 0;
		};
/* End PBXSourcesBuildPhase section */

/* Begin PBXTargetDependency section */
		96F4AD361D22D3B9004524EC /* PBXTargetDependency */ = {
			isa = PBXTargetDependency;
			target = 96F4AD1F1D22D3B9004524EC /* ImageRequest */;
			targetProxy = 96F4AD351D22D3B9004524EC /* PBXContainerItemProxy */;
		};
		96F4AD411D22D3B9004524EC /* PBXTargetDependency */ = {
			isa = PBXTargetDependency;
			target = 96F4AD1F1D22D3B9004524EC /* ImageRequest */;
			targetProxy = 96F4AD401D22D3B9004524EC /* PBXContainerItemProxy */;
		};
/* End PBXTargetDependency section */

/* Begin PBXVariantGroup section */
		96F4AD271D22D3B9004524EC /* Main.storyboard */ = {
			isa = PBXVariantGroup;
			children = (
				96F4AD281D22D3B9004524EC /* Base */,
			);
			name = Main.storyboard;
			sourceTree = "<group>";
		};
		96F4AD2C1D22D3B9004524EC /* LaunchScreen.storyboard */ = {
			isa = PBXVariantGroup;
			children = (
				96F4AD2D1D22D3B9004524EC /* Base */,
			);
			name = LaunchScreen.storyboard;
			sourceTree = "<group>";
		};
/* End PBXVariantGroup section */

/* Begin XCBuildConfiguration section */
		96F4AD461D22D3B9004524EC /* Debug */ = {
			isa = XCBuildConfiguration;
			buildSettings = {
				ALWAYS_SEARCH_USER_PATHS = NO;
				CLANG_ANALYZER_NONNULL = YES;
				CLANG_CXX_LANGUAGE_STANDARD = "gnu++0x";
				CLANG_CXX_LIBRARY = "libc++";
				CLANG_ENABLE_MODULES = YES;
				CLANG_ENABLE_OBJC_ARC = YES;
				CLANG_WARN_BOOL_CONVERSION = YES;
				CLANG_WARN_CONSTANT_CONVERSION = YES;
				CLANG_WARN_DIRECT_OBJC_ISA_USAGE = YES_ERROR;
				CLANG_WARN_EMPTY_BODY = YES;
				CLANG_WARN_ENUM_CONVERSION = YES;
				CLANG_WARN_INT_CONVERSION = YES;
				CLANG_WARN_OBJC_ROOT_CLASS = YES_ERROR;
				CLANG_WARN_UNREACHABLE_CODE = YES;
				CLANG_WARN__DUPLICATE_METHOD_MATCH = YES;
				"CODE_SIGN_IDENTITY[sdk=iphoneos*]" = "iPhone Developer";
				COPY_PHASE_STRIP = NO;
				DEBUG_INFORMATION_FORMAT = dwarf;
				ENABLE_STRICT_OBJC_MSGSEND = YES;
				ENABLE_TESTABILITY = YES;
				GCC_C_LANGUAGE_STANDARD = gnu99;
				GCC_DYNAMIC_NO_PIC = NO;
				GCC_NO_COMMON_BLOCKS = YES;
				GCC_OPTIMIZATION_LEVEL = 0;
				GCC_PREPROCESSOR_DEFINITIONS = (
					"DEBUG=1",
					"$(inherited)",
				);
				GCC_WARN_64_TO_32_BIT_CONVERSION = YES;
				GCC_WARN_ABOUT_RETURN_TYPE = YES_ERROR;
				GCC_WARN_UNDECLARED_SELECTOR = YES;
				GCC_WARN_UNINITIALIZED_AUTOS = YES_AGGRESSIVE;
				GCC_WARN_UNUSED_FUNCTION = YES;
				GCC_WARN_UNUSED_VARIABLE = YES;
				IPHONEOS_DEPLOYMENT_TARGET = 9.3;
				MTL_ENABLE_DEBUG_INFO = YES;
				ONLY_ACTIVE_ARCH = YES;
				SDKROOT = iphoneos;
				SWIFT_OPTIMIZATION_LEVEL = "-Onone";
				TARGETED_DEVICE_FAMILY = "1,2";
			};
			name = Debug;
		};
		96F4AD471D22D3B9004524EC /* Release */ = {
			isa = XCBuildConfiguration;
			buildSettings = {
				ALWAYS_SEARCH_USER_PATHS = NO;
				CLANG_ANALYZER_NONNULL = YES;
				CLANG_CXX_LANGUAGE_STANDARD = "gnu++0x";
				CLANG_CXX_LIBRARY = "libc++";
				CLANG_ENABLE_MODULES = YES;
				CLANG_ENABLE_OBJC_ARC = YES;
				CLANG_WARN_BOOL_CONVERSION = YES;
				CLANG_WARN_CONSTANT_CONVERSION = YES;
				CLANG_WARN_DIRECT_OBJC_ISA_USAGE = YES_ERROR;
				CLANG_WARN_EMPTY_BODY = YES;
				CLANG_WARN_ENUM_CONVERSION = YES;
				CLANG_WARN_INT_CONVERSION = YES;
				CLANG_WARN_OBJC_ROOT_CLASS = YES_ERROR;
				CLANG_WARN_UNREACHABLE_CODE = YES;
				CLANG_WARN__DUPLICATE_METHOD_MATCH = YES;
				"CODE_SIGN_IDENTITY[sdk=iphoneos*]" = "iPhone Developer";
				COPY_PHASE_STRIP = NO;
				DEBUG_INFORMATION_FORMAT = "dwarf-with-dsym";
				ENABLE_NS_ASSERTIONS = NO;
				ENABLE_STRICT_OBJC_MSGSEND = YES;
				GCC_C_LANGUAGE_STANDARD = gnu99;
				GCC_NO_COMMON_BLOCKS = YES;
				GCC_WARN_64_TO_32_BIT_CONVERSION = YES;
				GCC_WARN_ABOUT_RETURN_TYPE = YES_ERROR;
				GCC_WARN_UNDECLARED_SELECTOR = YES;
				GCC_WARN_UNINITIALIZED_AUTOS = YES_AGGRESSIVE;
				GCC_WARN_UNUSED_FUNCTION = YES;
				GCC_WARN_UNUSED_VARIABLE = YES;
				IPHONEOS_DEPLOYMENT_TARGET = 9.3;
				MTL_ENABLE_DEBUG_INFO = NO;
				SDKROOT = iphoneos;
				TARGETED_DEVICE_FAMILY = "1,2";
				VALIDATE_PRODUCT = YES;
			};
			name = Release;
		};
		96F4AD491D22D3B9004524EC /* Debug */ = {
			isa = XCBuildConfiguration;
			buildSettings = {
				ASSETCATALOG_COMPILER_APPICON_NAME = AppIcon;
				INFOPLIST_FILE = ImageRequest/Info.plist;
				LD_RUNPATH_SEARCH_PATHS = "$(inherited) @executable_path/Frameworks";
				PRODUCT_BUNDLE_IDENTIFIER = com.joshuadavidkelley.ImageRequest;
				PRODUCT_NAME = "$(TARGET_NAME)";
			};
			name = Debug;
		};
		96F4AD4A1D22D3B9004524EC /* Release */ = {
			isa = XCBuildConfiguration;
			buildSettings = {
				ASSETCATALOG_COMPILER_APPICON_NAME = AppIcon;
				INFOPLIST_FILE = ImageRequest/Info.plist;
				LD_RUNPATH_SEARCH_PATHS = "$(inherited) @executable_path/Frameworks";
				PRODUCT_BUNDLE_IDENTIFIER = com.joshuadavidkelley.ImageRequest;
				PRODUCT_NAME = "$(TARGET_NAME)";
			};
			name = Release;
		};
		96F4AD4C1D22D3B9004524EC /* Debug */ = {
			isa = XCBuildConfiguration;
			buildSettings = {
				BUNDLE_LOADER = "$(TEST_HOST)";
				INFOPLIST_FILE = ImageRequestTests/Info.plist;
				LD_RUNPATH_SEARCH_PATHS = "$(inherited) @executable_path/Frameworks @loader_path/Frameworks";
				PRODUCT_BUNDLE_IDENTIFIER = com.joshuadavidkelley.ImageRequestTests;
				PRODUCT_NAME = "$(TARGET_NAME)";
				TEST_HOST = "$(BUILT_PRODUCTS_DIR)/ImageRequest.app/ImageRequest";
			};
			name = Debug;
		};
		96F4AD4D1D22D3B9004524EC /* Release */ = {
			isa = XCBuildConfiguration;
			buildSettings = {
				BUNDLE_LOADER = "$(TEST_HOST)";
				INFOPLIST_FILE = ImageRequestTests/Info.plist;
				LD_RUNPATH_SEARCH_PATHS = "$(inherited) @executable_path/Frameworks @loader_path/Frameworks";
				PRODUCT_BUNDLE_IDENTIFIER = com.joshuadavidkelley.ImageRequestTests;
				PRODUCT_NAME = "$(TARGET_NAME)";
				TEST_HOST = "$(BUILT_PRODUCTS_DIR)/ImageRequest.app/ImageRequest";
			};
			name = Release;
		};
		96F4AD4F1D22D3B9004524EC /* Debug */ = {
			isa = XCBuildConfiguration;
			buildSettings = {
				INFOPLIST_FILE = ImageRequestUITests/Info.plist;
				LD_RUNPATH_SEARCH_PATHS = "$(inherited) @executable_path/Frameworks @loader_path/Frameworks";
				PRODUCT_BUNDLE_IDENTIFIER = com.joshuadavidkelley.ImageRequestUITests;
				PRODUCT_NAME = "$(TARGET_NAME)";
				TEST_TARGET_NAME = ImageRequest;
			};
			name = Debug;
		};
		96F4AD501D22D3B9004524EC /* Release */ = {
			isa = XCBuildConfiguration;
			buildSettings = {
				INFOPLIST_FILE = ImageRequestUITests/Info.plist;
				LD_RUNPATH_SEARCH_PATHS = "$(inherited) @executable_path/Frameworks @loader_path/Frameworks";
				PRODUCT_BUNDLE_IDENTIFIER = com.joshuadavidkelley.ImageRequestUITests;
				PRODUCT_NAME = "$(TARGET_NAME)";
				TEST_TARGET_NAME = ImageRequest;
			};
			name = Release;
		};
/* End XCBuildConfiguration section */

/* Begin XCConfigurationList section */
		96F4AD1B1D22D3B9004524EC /* Build configuration list for PBXProject "ImageRequest" */ = {
			isa = XCConfigurationList;
			buildConfigurations = (
				96F4AD461D22D3B9004524EC /* Debug */,
				96F4AD471D22D3B9004524EC /* Release */,
			);
			defaultConfigurationIsVisible = 0;
			defaultConfigurationName = Release;
		};
		96F4AD481D22D3B9004524EC /* Build configuration list for PBXNativeTarget "ImageRequest" */ = {
			isa = XCConfigurationList;
			buildConfigurations = (
				96F4AD491D22D3B9004524EC /* Debug */,
				96F4AD4A1D22D3B9004524EC /* Release */,
			);
			defaultConfigurationIsVisible = 0;
		};
		96F4AD4B1D22D3B9004524EC /* Build configuration list for PBXNativeTarget "ImageRequestTests" */ = {
			isa = XCConfigurationList;
			buildConfigurations = (
				96F4AD4C1D22D3B9004524EC /* Debug */,
				96F4AD4D1D22D3B9004524EC /* Release */,
			);
			defaultConfigurationIsVisible = 0;
		};
		96F4AD4E1D22D3B9004524EC /* Build configuration list for PBXNativeTarget "ImageRequestUITests" */ = {
			isa = XCConfigurationList;
			buildConfigurations = (
				96F4AD4F1D22D3B9004524EC /* Debug */,
				96F4AD501D22D3B9004524EC /* Release */,
			);
			defaultConfigurationIsVisible = 0;
		};
/* End XCConfigurationList section */
	};
	rootObject = 96F4AD181D22D3B9004524EC /* Project object */;
}
